// !$*UTF8*$!
{
	archiveVersion = 1;
	classes = {
	};
	objectVersion = 46;
	objects = {

/* Begin PBXBuildFile section */
		467D4AC81AC9FC51009E8418 /* AppDelegate.swift in Sources */ = {isa = PBXBuildFile; fileRef = 467D4AC71AC9FC51009E8418 /* AppDelegate.swift */; };
		467D4ACD1AC9FC51009E8418 /* Main.storyboard in Resources */ = {isa = PBXBuildFile; fileRef = 467D4ACB1AC9FC51009E8418 /* Main.storyboard */; };
		467D4ACF1AC9FC51009E8418 /* Images.xcassets in Resources */ = {isa = PBXBuildFile; fileRef = 467D4ACE1AC9FC51009E8418 /* Images.xcassets */; };
		467D4AD21AC9FC51009E8418 /* LaunchScreen.xib in Resources */ = {isa = PBXBuildFile; fileRef = 467D4AD01AC9FC51009E8418 /* LaunchScreen.xib */; };
		467D4ADE1AC9FC51009E8418 /* WalkerTests.swift in Sources */ = {isa = PBXBuildFile; fileRef = 467D4ADD1AC9FC51009E8418 /* WalkerTests.swift */; };
/* End PBXBuildFile section */

/* Begin PBXContainerItemProxy section */
		467D4AD81AC9FC51009E8418 /* PBXContainerItemProxy */ = {
			isa = PBXContainerItemProxy;
			containerPortal = 467D4ABA1AC9FC51009E8418 /* Project object */;
			proxyType = 1;
			remoteGlobalIDString = 467D4AC11AC9FC51009E8418;
			remoteInfo = Walker;
		};
/* End PBXContainerItemProxy section */

/* Begin PBXFileReference section */
		467D4AC21AC9FC51009E8418 /* Walker.app */ = {isa = PBXFileReference; explicitFileType = wrapper.application; includeInIndex = 0; path = Walker.app; sourceTree = BUILT_PRODUCTS_DIR; };
		467D4AC61AC9FC51009E8418 /* Info.plist */ = {isa = PBXFileReference; lastKnownFileType = text.plist.xml; path = Info.plist; sourceTree = "<group>"; };
		467D4AC71AC9FC51009E8418 /* AppDelegate.swift */ = {isa = PBXFileReference; lastKnownFileType = sourcecode.swift; path = AppDelegate.swift; sourceTree = "<group>"; };
		467D4ACC1AC9FC51009E8418 /* Base */ = {isa = PBXFileReference; lastKnownFileType = file.storyboard; name = Base; path = Base.lproj/Main.storyboard; sourceTree = "<group>"; };
		467D4ACE1AC9FC51009E8418 /* Images.xcassets */ = {isa = PBXFileReference; lastKnownFileType = folder.assetcatalog; path = Images.xcassets; sourceTree = "<group>"; };
		467D4AD11AC9FC51009E8418 /* Base */ = {isa = PBXFileReference; lastKnownFileType = file.xib; name = Base; path = Base.lproj/LaunchScreen.xib; sourceTree = "<group>"; };
		467D4AD71AC9FC51009E8418 /* WalkerTests.xctest */ = {isa = PBXFileReference; explicitFileType = wrapper.cfbundle; includeInIndex = 0; path = WalkerTests.xctest; sourceTree = BUILT_PRODUCTS_DIR; };
		467D4ADC1AC9FC51009E8418 /* Info.plist */ = {isa = PBXFileReference; lastKnownFileType = text.plist.xml; path = Info.plist; sourceTree = "<group>"; };
		467D4ADD1AC9FC51009E8418 /* WalkerTests.swift */ = {isa = PBXFileReference; lastKnownFileType = sourcecode.swift; path = WalkerTests.swift; sourceTree = "<group>"; };
/* End PBXFileReference section */

/* Begin PBXFrameworksBuildPhase section */
		467D4ABF1AC9FC51009E8418 /* Frameworks */ = {
			isa = PBXFrameworksBuildPhase;
			buildActionMask = 2147483647;
			files = (
			);
			runOnlyForDeploymentPostprocessing = 0;
		};
		467D4AD41AC9FC51009E8418 /* Frameworks */ = {
			isa = PBXFrameworksBuildPhase;
			buildActionMask = 2147483647;
			files = (
			);
			runOnlyForDeploymentPostprocessing = 0;
		};
/* End PBXFrameworksBuildPhase section */

/* Begin PBXGroup section */
		467D4AB91AC9FC51009E8418 = {
			isa = PBXGroup;
			children = (
				467D4AC41AC9FC51009E8418 /* Walker */,
				467D4ADA1AC9FC51009E8418 /* WalkerTests */,
				467D4AC31AC9FC51009E8418 /* Products */,
			);
			sourceTree = "<group>";
		};
		467D4AC31AC9FC51009E8418 /* Products */ = {
			isa = PBXGroup;
			children = (
				467D4AC21AC9FC51009E8418 /* Walker.app */,
				467D4AD71AC9FC51009E8418 /* WalkerTests.xctest */,
			);
			name = Products;
			sourceTree = "<group>";
		};
		467D4AC41AC9FC51009E8418 /* Walker */ = {
			isa = PBXGroup;
			children = (
				467D4AC71AC9FC51009E8418 /* AppDelegate.swift */,
				467D4ACB1AC9FC51009E8418 /* Main.storyboard */,
				467D4AD01AC9FC51009E8418 /* LaunchScreen.xib */,
				467D4ACE1AC9FC51009E8418 /* Images.xcassets */,
				467D4AC51AC9FC51009E8418 /* Supporting Files */,
			);
			path = Walker;
			sourceTree = "<group>";
		};
		467D4AC51AC9FC51009E8418 /* Supporting Files */ = {
			isa = PBXGroup;
			children = (
				467D4AC61AC9FC51009E8418 /* Info.plist */,
			);
			name = "Supporting Files";
			sourceTree = "<group>";
		};
		467D4ADA1AC9FC51009E8418 /* WalkerTests */ = {
			isa = PBXGroup;
			children = (
				467D4ADD1AC9FC51009E8418 /* WalkerTests.swift */,
				467D4ADB1AC9FC51009E8418 /* Supporting Files */,
			);
			path = WalkerTests;
			sourceTree = "<group>";
		};
		467D4ADB1AC9FC51009E8418 /* Supporting Files */ = {
			isa = PBXGroup;
			children = (
				467D4ADC1AC9FC51009E8418 /* Info.plist */,
			);
			name = "Supporting Files";
			sourceTree = "<group>";
		};
/* End PBXGroup section */

/* Begin PBXNativeTarget section */
		467D4AC11AC9FC51009E8418 /* Walker */ = {
			isa = PBXNativeTarget;
			buildConfigurationList = 467D4AE11AC9FC51009E8418 /* Build configuration list for PBXNativeTarget "Walker" */;
			buildPhases = (
				467D4ABE1AC9FC51009E8418 /* Sources */,
				467D4ABF1AC9FC51009E8418 /* Frameworks */,
				467D4AC01AC9FC51009E8418 /* Resources */,
			);
			buildRules = (
			);
			dependencies = (
			);
			name = Walker;
			productName = Walker;
			productReference = 467D4AC21AC9FC51009E8418 /* Walker.app */;
			productType = "com.apple.product-type.application";
		};
		467D4AD61AC9FC51009E8418 /* WalkerTests */ = {
			isa = PBXNativeTarget;
			buildConfigurationList = 467D4AE41AC9FC51009E8418 /* Build configuration list for PBXNativeTarget "WalkerTests" */;
			buildPhases = (
				467D4AD31AC9FC51009E8418 /* Sources */,
				467D4AD41AC9FC51009E8418 /* Frameworks */,
				467D4AD51AC9FC51009E8418 /* Resources */,
			);
			buildRules = (
			);
			dependencies = (
				467D4AD91AC9FC51009E8418 /* PBXTargetDependency */,
			);
			name = WalkerTests;
			productName = WalkerTests;
			productReference = 467D4AD71AC9FC51009E8418 /* WalkerTests.xctest */;
			productType = "com.apple.product-type.bundle.unit-test";
		};
/* End PBXNativeTarget section */

/* Begin PBXProject section */
		467D4ABA1AC9FC51009E8418 /* Project object */ = {
			isa = PBXProject;
			attributes = {
				LastUpgradeCheck = 0620;
				ORGANIZATIONNAME = GRL5;
				TargetAttributes = {
					467D4AC11AC9FC51009E8418 = {
						CreatedOnToolsVersion = 6.2;
					};
					467D4AD61AC9FC51009E8418 = {
						CreatedOnToolsVersion = 6.2;
						TestTargetID = 467D4AC11AC9FC51009E8418;
					};
				};
			};
			buildConfigurationList = 467D4ABD1AC9FC51009E8418 /* Build configuration list for PBXProject "Walker" */;
			compatibilityVersion = "Xcode 3.2";
			developmentRegion = English;
			hasScannedForEncodings = 0;
			knownRegions = (
				en,
				Base,
			);
			mainGroup = 467D4AB91AC9FC51009E8418;
			productRefGroup = 467D4AC31AC9FC51009E8418 /* Products */;
			projectDirPath = "";
			projectRoot = "";
			targets = (
				467D4AC11AC9FC51009E8418 /* Walker */,
				467D4AD61AC9FC51009E8418 /* WalkerTests */,
			);
		};
/* End PBXProject section */

/* Begin PBXResourcesBuildPhase section */
		467D4AC01AC9FC51009E8418 /* Resources */ = {
			isa = PBXResourcesBuildPhase;
			buildActionMask = 2147483647;
			files = (
				467D4ACD1AC9FC51009E8418 /* Main.storyboard in Resources */,
				467D4AD21AC9FC51009E8418 /* LaunchScreen.xib in Resources */,
				467D4ACF1AC9FC51009E8418 /* Images.xcassets in Resources */,
			);
			runOnlyForDeploymentPostprocessing = 0;
		};
		467D4AD51AC9FC51009E8418 /* Resources */ = {
			isa = PBXResourcesBuildPhase;
			buildActionMask = 2147483647;
			files = (
			);
			runOnlyForDeploymentPostprocessing = 0;
		};
/* End PBXResourcesBuildPhase section */

/* Begin PBXSourcesBuildPhase section */
		467D4ABE1AC9FC51009E8418 /* Sources */ = {
			isa = PBXSourcesBuildPhase;
			buildActionMask = 2147483647;
			files = (
				467D4AC81AC9FC51009E8418 /* AppDelegate.swift in Sources */,
			);
			runOnlyForDeploymentPostprocessing = 0;
		};
		467D4AD31AC9FC51009E8418 /* Sources */ = {
			isa = PBXSourcesBuildPhase;
			buildActionMask = 2147483647;
			files = (
				467D4ADE1AC9FC51009E8418 /* WalkerTests.swift in Sources */,
			);
			runOnlyForDeploymentPostprocessing = 0;
		};
/* End PBXSourcesBuildPhase section */

/* Begin PBXTargetDependency section */
		467D4AD91AC9FC51009E8418 /* PBXTargetDependency */ = {
			isa = PBXTargetDependency;
			target = 467D4AC11AC9FC51009E8418 /* Walker */;
			targetProxy = 467D4AD81AC9FC51009E8418 /* PBXContainerItemProxy */;
		};
/* End PBXTargetDependency section */

/* Begin PBXVariantGroup section */
		467D4ACB1AC9FC51009E8418 /* Main.storyboard */ = {
			isa = PBXVariantGroup;
			children = (
				467D4ACC1AC9FC51009E8418 /* Base */,
			);
			name = Main.storyboard;
			sourceTree = "<group>";
		};
		467D4AD01AC9FC51009E8418 /* LaunchScreen.xib */ = {
			isa = PBXVariantGroup;
			children = (
				467D4AD11AC9FC51009E8418 /* Base */,
			);
			name = LaunchScreen.xib;
			sourceTree = "<group>";
		};
/* End PBXVariantGroup section */

/* Begin XCBuildConfiguration section */
		467D4ADF1AC9FC51009E8418 /* Debug */ = {
			isa = XCBuildConfiguration;
			buildSettings = {
				ALWAYS_SEARCH_USER_PATHS = NO;
				CLANG_CXX_LANGUAGE_STANDARD = "gnu++0x";
				CLANG_CXX_LIBRARY = "libc++";
				CLANG_ENABLE_MODULES = YES;
				CLANG_ENABLE_OBJC_ARC = YES;
				CLANG_WARN_BOOL_CONVERSION = YES;
				CLANG_WARN_CONSTANT_CONVERSION = YES;
				CLANG_WARN_DIRECT_OBJC_ISA_USAGE = YES_ERROR;
				CLANG_WARN_EMPTY_BODY = YES;
				CLANG_WARN_ENUM_CONVERSION = YES;
				CLANG_WARN_INT_CONVERSION = YES;
				CLANG_WARN_OBJC_ROOT_CLASS = YES_ERROR;
				CLANG_WARN_UNREACHABLE_CODE = YES;
				CLANG_WARN__DUPLICATE_METHOD_MATCH = YES;
				"CODE_SIGN_IDENTITY[sdk=iphoneos*]" = "iPhone Developer";
				COPY_PHASE_STRIP = NO;
				ENABLE_STRICT_OBJC_MSGSEND = YES;
				GCC_C_LANGUAGE_STANDARD = gnu99;
				GCC_DYNAMIC_NO_PIC = NO;
				GCC_OPTIMIZATION_LEVEL = 0;
				GCC_PREPROCESSOR_DEFINITIONS = (
					"DEBUG=1",
					"$(inherited)",
				);
				GCC_SYMBOLS_PRIVATE_EXTERN = NO;
				GCC_WARN_64_TO_32_BIT_CONVERSION = YES;
				GCC_WARN_ABOUT_RETURN_TYPE = YES_ERROR;
				GCC_WARN_UNDECLARED_SELECTOR = YES;
				GCC_WARN_UNINITIALIZED_AUTOS = YES_AGGRESSIVE;
				GCC_WARN_UNUSED_FUNCTION = YES;
				GCC_WARN_UNUSED_VARIABLE = YES;
				IPHONEOS_DEPLOYMENT_TARGET = 8.2;
				MTL_ENABLE_DEBUG_INFO = YES;
				ONLY_ACTIVE_ARCH = YES;
				SDKROOT = iphoneos;
				SWIFT_OPTIMIZATION_LEVEL = "-Onone";
			};
			name = Debug;
		};
		467D4AE01AC9FC51009E8418 /* Release */ = {
			isa = XCBuildConfiguration;
			buildSettings = {
				ALWAYS_SEARCH_USER_PATHS = NO;
				CLANG_CXX_LANGUAGE_STANDARD = "gnu++0x";
				CLANG_CXX_LIBRARY = "libc++";
				CLANG_ENABLE_MODULES = YES;
				CLANG_ENABLE_OBJC_ARC = YES;
				CLANG_WARN_BOOL_CONVERSION = YES;
				CLANG_WARN_CONSTANT_CONVERSION = YES;
				CLANG_WARN_DIRECT_OBJC_ISA_USAGE = YES_ERROR;
				CLANG_WARN_EMPTY_BODY = YES;
				CLANG_WARN_ENUM_CONVERSION = YES;
				CLANG_WARN_INT_CONVERSION = YES;
				CLANG_WARN_OBJC_ROOT_CLASS = YES_ERROR;
				CLANG_WARN_UNREACHABLE_CODE = YES;
				CLANG_WARN__DUPLICATE_METHOD_MATCH = YES;
				"CODE_SIGN_IDENTITY[sdk=iphoneos*]" = "iPhone Developer";
				COPY_PHASE_STRIP = NO;
				ENABLE_NS_ASSERTIONS = NO;
				ENABLE_STRICT_OBJC_MSGSEND = YES;
				GCC_C_LANGUAGE_STANDARD = gnu99;
				GCC_WARN_64_TO_32_BIT_CONVERSION = YES;
				GCC_WARN_ABOUT_RETURN_TYPE = YES_ERROR;
				GCC_WARN_UNDECLARED_SELECTOR = YES;
				GCC_WARN_UNINITIALIZED_AUTOS = YES_AGGRESSIVE;
				GCC_WARN_UNUSED_FUNCTION = YES;
				GCC_WARN_UNUSED_VARIABLE = YES;
				IPHONEOS_DEPLOYMENT_TARGET = 8.2;
				MTL_ENABLE_DEBUG_INFO = NO;
				SDKROOT = iphoneos;
				VALIDATE_PRODUCT = YES;
			};
			name = Release;
		};
		467D4AE21AC9FC51009E8418 /* Debug */ = {
			isa = XCBuildConfiguration;
			buildSettings = {
				ASSETCATALOG_COMPILER_APPICON_NAME = AppIcon;
				INFOPLIST_FILE = Walker/Info.plist;
				LD_RUNPATH_SEARCH_PATHS = "$(inherited) @executable_path/Frameworks";
				PRODUCT_NAME = "$(TARGET_NAME)";
			};
			name = Debug;
		};
		467D4AE31AC9FC51009E8418 /* Release */ = {
			isa = XCBuildConfiguration;
			buildSettings = {
				ASSETCATALOG_COMPILER_APPICON_NAME = AppIcon;
				INFOPLIST_FILE = Walker/Info.plist;
				LD_RUNPATH_SEARCH_PATHS = "$(inherited) @executable_path/Frameworks";
				PRODUCT_NAME = "$(TARGET_NAME)";
			};
			name = Release;
		};
		467D4AE51AC9FC51009E8418 /* Debug */ = {
			isa = XCBuildConfiguration;
			buildSettings = {
				BUNDLE_LOADER = "$(TEST_HOST)";
				FRAMEWORK_SEARCH_PATHS = (
					"$(SDKROOT)/Developer/Library/Frameworks",
					"$(inherited)",
				);
				GCC_PREPROCESSOR_DEFINITIONS = (
					"DEBUG=1",
					"$(inherited)",
				);
				INFOPLIST_FILE = WalkerTests/Info.plist;
				LD_RUNPATH_SEARCH_PATHS = "$(inherited) @executable_path/Frameworks @loader_path/Frameworks";
				PRODUCT_NAME = "$(TARGET_NAME)";
				TEST_HOST = "$(BUILT_PRODUCTS_DIR)/Walker.app/Walker";
			};
			name = Debug;
		};
		467D4AE61AC9FC51009E8418 /* Release */ = {
			isa = XCBuildConfiguration;
			buildSettings = {
				BUNDLE_LOADER = "$(TEST_HOST)";
				FRAMEWORK_SEARCH_PATHS = (
					"$(SDKROOT)/Developer/Library/Frameworks",
					"$(inherited)",
				);
				INFOPLIST_FILE = WalkerTests/Info.plist;
				LD_RUNPATH_SEARCH_PATHS = "$(inherited) @executable_path/Frameworks @loader_path/Frameworks";
				PRODUCT_NAME = "$(TARGET_NAME)";
				TEST_HOST = "$(BUILT_PRODUCTS_DIR)/Walker.app/Walker";
			};
			name = Release;
		};
/* End XCBuildConfiguration section */

/* Begin XCConfigurationList section */
		467D4ABD1AC9FC51009E8418 /* Build configuration list for PBXProject "Walker" */ = {
			isa = XCConfigurationList;
			buildConfigurations = (
				467D4ADF1AC9FC51009E8418 /* Debug */,
				467D4AE01AC9FC51009E8418 /* Release */,
			);
			defaultConfigurationIsVisible = 0;
			defaultConfigurationName = Release;
		};
		467D4AE11AC9FC51009E8418 /* Build configuration list for PBXNativeTarget "Walker" */ = {
			isa = XCConfigurationList;
			buildConfigurations = (
				467D4AE21AC9FC51009E8418 /* Debug */,
				467D4AE31AC9FC51009E8418 /* Release */,
			);
			defaultConfigurationIsVisible = 0;
		};
		467D4AE41AC9FC51009E8418 /* Build configuration list for PBXNativeTarget "WalkerTests" */ = {
			isa = XCConfigurationList;
			buildConfigurations = (
				467D4AE51AC9FC51009E8418 /* Debug */,
				467D4AE61AC9FC51009E8418 /* Release */,
			);
			defaultConfigurationIsVisible = 0;
		};
/* End XCConfigurationList section */
	};
	rootObject = 467D4ABA1AC9FC51009E8418 /* Project object */;
}
