// !$*UTF8*$!
{
	archiveVersion = 1;
	classes = {
	};
	objectVersion = 46;
	objects = {

/* Begin PBXBuildFile section */
		4614F2F91AC79EC0001BA765 /* WalkCell.swift in Sources */ = {isa = PBXBuildFile; fileRef = 4614F2F81AC79EC0001BA765 /* WalkCell.swift */; };
		46A91BDE1AC8B08A003ACE92 /* Model.xcdatamodeld in Sources */ = {isa = PBXBuildFile; fileRef = 46A91BDC1AC8B08A003ACE92 /* Model.xcdatamodeld */; };
		46CA8AF41AC780F2002029FC /* AppDelegate.swift in Sources */ = {isa = PBXBuildFile; fileRef = 46CA8AF31AC780F2002029FC /* AppDelegate.swift */; };
		46CA8AF61AC780F2002029FC /* MyWalksViewController.swift in Sources */ = {isa = PBXBuildFile; fileRef = 46CA8AF51AC780F2002029FC /* MyWalksViewController.swift */; };
		46CA8AF91AC780F2002029FC /* Main.storyboard in Resources */ = {isa = PBXBuildFile; fileRef = 46CA8AF71AC780F2002029FC /* Main.storyboard */; };
		46CA8AFB1AC780F2002029FC /* Images.xcassets in Resources */ = {isa = PBXBuildFile; fileRef = 46CA8AFA1AC780F2002029FC /* Images.xcassets */; };
		46CA8AFE1AC780F2002029FC /* LaunchScreen.xib in Resources */ = {isa = PBXBuildFile; fileRef = 46CA8AFC1AC780F2002029FC /* LaunchScreen.xib */; };
		46CA8B0A1AC780F2002029FC /* WalkerTests.swift in Sources */ = {isa = PBXBuildFile; fileRef = 46CA8B091AC780F2002029FC /* WalkerTests.swift */; };
		46CA8B141AC785E5002029FC /* CircleView.swift in Sources */ = {isa = PBXBuildFile; fileRef = 46CA8B131AC785E5002029FC /* CircleView.swift */; };
		46CA8B161AC78715002029FC /* Walk.swift in Sources */ = {isa = PBXBuildFile; fileRef = 46CA8B151AC78715002029FC /* Walk.swift */; };
		46CA8B1C1AC78973002029FC /* OnWalkViewController.swift in Sources */ = {isa = PBXBuildFile; fileRef = 46CA8B1B1AC78973002029FC /* OnWalkViewController.swift */; };
/* End PBXBuildFile section */

/* Begin PBXContainerItemProxy section */
		46CA8B041AC780F2002029FC /* PBXContainerItemProxy */ = {
			isa = PBXContainerItemProxy;
			containerPortal = 46CA8AE61AC780F2002029FC /* Project object */;
			proxyType = 1;
			remoteGlobalIDString = 46CA8AED1AC780F2002029FC;
			remoteInfo = Walker;
		};
/* End PBXContainerItemProxy section */

/* Begin PBXFileReference section */
		4614F2F81AC79EC0001BA765 /* WalkCell.swift */ = {isa = PBXFileReference; fileEncoding = 4; lastKnownFileType = sourcecode.swift; path = WalkCell.swift; sourceTree = "<group>"; };
		46A91BDD1AC8B08A003ACE92 /* Model.xcdatamodel */ = {isa = PBXFileReference; lastKnownFileType = wrapper.xcdatamodel; path = Model.xcdatamodel; sourceTree = "<group>"; };
		46CA8AEE1AC780F2002029FC /* Walker.app */ = {isa = PBXFileReference; explicitFileType = wrapper.application; includeInIndex = 0; path = Walker.app; sourceTree = BUILT_PRODUCTS_DIR; };
		46CA8AF21AC780F2002029FC /* Info.plist */ = {isa = PBXFileReference; lastKnownFileType = text.plist.xml; path = Info.plist; sourceTree = "<group>"; };
		46CA8AF31AC780F2002029FC /* AppDelegate.swift */ = {isa = PBXFileReference; lastKnownFileType = sourcecode.swift; path = AppDelegate.swift; sourceTree = "<group>"; };
		46CA8AF51AC780F2002029FC /* MyWalksViewController.swift */ = {isa = PBXFileReference; lastKnownFileType = sourcecode.swift; path = MyWalksViewController.swift; sourceTree = "<group>"; };
		46CA8AF81AC780F2002029FC /* Base */ = {isa = PBXFileReference; lastKnownFileType = file.storyboard; name = Base; path = Base.lproj/Main.storyboard; sourceTree = "<group>"; };
		46CA8AFA1AC780F2002029FC /* Images.xcassets */ = {isa = PBXFileReference; lastKnownFileType = folder.assetcatalog; path = Images.xcassets; sourceTree = "<group>"; };
		46CA8AFD1AC780F2002029FC /* Base */ = {isa = PBXFileReference; lastKnownFileType = file.xib; name = Base; path = Base.lproj/LaunchScreen.xib; sourceTree = "<group>"; };
		46CA8B031AC780F2002029FC /* WalkerTests.xctest */ = {isa = PBXFileReference; explicitFileType = wrapper.cfbundle; includeInIndex = 0; path = WalkerTests.xctest; sourceTree = BUILT_PRODUCTS_DIR; };
		46CA8B081AC780F2002029FC /* Info.plist */ = {isa = PBXFileReference; lastKnownFileType = text.plist.xml; path = Info.plist; sourceTree = "<group>"; };
		46CA8B091AC780F2002029FC /* WalkerTests.swift */ = {isa = PBXFileReference; lastKnownFileType = sourcecode.swift; path = WalkerTests.swift; sourceTree = "<group>"; };
		46CA8B131AC785E5002029FC /* CircleView.swift */ = {isa = PBXFileReference; fileEncoding = 4; lastKnownFileType = sourcecode.swift; path = CircleView.swift; sourceTree = "<group>"; };
		46CA8B151AC78715002029FC /* Walk.swift */ = {isa = PBXFileReference; fileEncoding = 4; lastKnownFileType = sourcecode.swift; path = Walk.swift; sourceTree = "<group>"; };
		46CA8B1B1AC78973002029FC /* OnWalkViewController.swift */ = {isa = PBXFileReference; fileEncoding = 4; lastKnownFileType = sourcecode.swift; path = OnWalkViewController.swift; sourceTree = "<group>"; };
/* End PBXFileReference section */

/* Begin PBXFrameworksBuildPhase section */
		46CA8AEB1AC780F2002029FC /* Frameworks */ = {
			isa = PBXFrameworksBuildPhase;
			buildActionMask = 2147483647;
			files = (
			);
			runOnlyForDeploymentPostprocessing = 0;
		};
		46CA8B001AC780F2002029FC /* Frameworks */ = {
			isa = PBXFrameworksBuildPhase;
			buildActionMask = 2147483647;
			files = (
			);
			runOnlyForDeploymentPostprocessing = 0;
		};
/* End PBXFrameworksBuildPhase section */

/* Begin PBXGroup section */
		46CA8AE51AC780F2002029FC = {
			isa = PBXGroup;
			children = (
				46CA8AF01AC780F2002029FC /* Walker */,
				46CA8B061AC780F2002029FC /* WalkerTests */,
				46CA8AEF1AC780F2002029FC /* Products */,
			);
			sourceTree = "<group>";
		};
		46CA8AEF1AC780F2002029FC /* Products */ = {
			isa = PBXGroup;
			children = (
				46CA8AEE1AC780F2002029FC /* Walker.app */,
				46CA8B031AC780F2002029FC /* WalkerTests.xctest */,
			);
			name = Products;
			sourceTree = "<group>";
		};
		46CA8AF01AC780F2002029FC /* Walker */ = {
			isa = PBXGroup;
			children = (
				46CA8AF31AC780F2002029FC /* AppDelegate.swift */,
				46CA8B171AC7874C002029FC /* Model */,
				46CA8B181AC78752002029FC /* View */,
				46CA8AF51AC780F2002029FC /* MyWalksViewController.swift */,
				46CA8B1B1AC78973002029FC /* OnWalkViewController.swift */,
				46CA8AF71AC780F2002029FC /* Main.storyboard */,
				46CA8AFA1AC780F2002029FC /* Images.xcassets */,
				46CA8AFC1AC780F2002029FC /* LaunchScreen.xib */,
				46CA8AF11AC780F2002029FC /* Supporting Files */,
			);
			path = Walker;
			sourceTree = "<group>";
		};
		46CA8AF11AC780F2002029FC /* Supporting Files */ = {
			isa = PBXGroup;
			children = (
				46CA8AF21AC780F2002029FC /* Info.plist */,
			);
			name = "Supporting Files";
			sourceTree = "<group>";
		};
		46CA8B061AC780F2002029FC /* WalkerTests */ = {
			isa = PBXGroup;
			children = (
				46CA8B091AC780F2002029FC /* WalkerTests.swift */,
				46CA8B071AC780F2002029FC /* Supporting Files */,
			);
			path = WalkerTests;
			sourceTree = "<group>";
		};
		46CA8B071AC780F2002029FC /* Supporting Files */ = {
			isa = PBXGroup;
			children = (
				46CA8B081AC780F2002029FC /* Info.plist */,
			);
			name = "Supporting Files";
			sourceTree = "<group>";
		};
		46CA8B171AC7874C002029FC /* Model */ = {
			isa = PBXGroup;
			children = (
				46A91BDC1AC8B08A003ACE92 /* Model.xcdatamodeld */,
				46CA8B151AC78715002029FC /* Walk.swift */,
			);
			name = Model;
			sourceTree = "<group>";
		};
		46CA8B181AC78752002029FC /* View */ = {
			isa = PBXGroup;
			children = (
				46CA8B131AC785E5002029FC /* CircleView.swift */,
				4614F2F81AC79EC0001BA765 /* WalkCell.swift */,
			);
			name = View;
			sourceTree = "<group>";
		};
/* End PBXGroup section */

/* Begin PBXNativeTarget section */
		46CA8AED1AC780F2002029FC /* Walker */ = {
			isa = PBXNativeTarget;
			buildConfigurationList = 46CA8B0D1AC780F2002029FC /* Build configuration list for PBXNativeTarget "Walker" */;
			buildPhases = (
				46CA8AEA1AC780F2002029FC /* Sources */,
				46CA8AEB1AC780F2002029FC /* Frameworks */,
				46CA8AEC1AC780F2002029FC /* Resources */,
			);
			buildRules = (
			);
			dependencies = (
			);
			name = Walker;
			productName = Walker;
			productReference = 46CA8AEE1AC780F2002029FC /* Walker.app */;
			productType = "com.apple.product-type.application";
		};
		46CA8B021AC780F2002029FC /* WalkerTests */ = {
			isa = PBXNativeTarget;
			buildConfigurationList = 46CA8B101AC780F2002029FC /* Build configuration list for PBXNativeTarget "WalkerTests" */;
			buildPhases = (
				46CA8AFF1AC780F2002029FC /* Sources */,
				46CA8B001AC780F2002029FC /* Frameworks */,
				46CA8B011AC780F2002029FC /* Resources */,
			);
			buildRules = (
			);
			dependencies = (
				46CA8B051AC780F2002029FC /* PBXTargetDependency */,
			);
			name = WalkerTests;
			productName = WalkerTests;
			productReference = 46CA8B031AC780F2002029FC /* WalkerTests.xctest */;
			productType = "com.apple.product-type.bundle.unit-test";
		};
/* End PBXNativeTarget section */

/* Begin PBXProject section */
		46CA8AE61AC780F2002029FC /* Project object */ = {
			isa = PBXProject;
			attributes = {
				LastUpgradeCheck = 0620;
				ORGANIZATIONNAME = GRL5;
				TargetAttributes = {
					46CA8AED1AC780F2002029FC = {
						CreatedOnToolsVersion = 6.2;
					};
					46CA8B021AC780F2002029FC = {
						CreatedOnToolsVersion = 6.2;
						TestTargetID = 46CA8AED1AC780F2002029FC;
					};
				};
			};
			buildConfigurationList = 46CA8AE91AC780F2002029FC /* Build configuration list for PBXProject "Walker" */;
			compatibilityVersion = "Xcode 3.2";
			developmentRegion = English;
			hasScannedForEncodings = 0;
			knownRegions = (
				en,
				Base,
			);
			mainGroup = 46CA8AE51AC780F2002029FC;
			productRefGroup = 46CA8AEF1AC780F2002029FC /* Products */;
			projectDirPath = "";
			projectRoot = "";
			targets = (
				46CA8AED1AC780F2002029FC /* Walker */,
				46CA8B021AC780F2002029FC /* WalkerTests */,
			);
		};
/* End PBXProject section */

/* Begin PBXResourcesBuildPhase section */
		46CA8AEC1AC780F2002029FC /* Resources */ = {
			isa = PBXResourcesBuildPhase;
			buildActionMask = 2147483647;
			files = (
				46CA8AF91AC780F2002029FC /* Main.storyboard in Resources */,
				46CA8AFE1AC780F2002029FC /* LaunchScreen.xib in Resources */,
				46CA8AFB1AC780F2002029FC /* Images.xcassets in Resources */,
			);
			runOnlyForDeploymentPostprocessing = 0;
		};
		46CA8B011AC780F2002029FC /* Resources */ = {
			isa = PBXResourcesBuildPhase;
			buildActionMask = 2147483647;
			files = (
			);
			runOnlyForDeploymentPostprocessing = 0;
		};
/* End PBXResourcesBuildPhase section */

/* Begin PBXSourcesBuildPhase section */
		46CA8AEA1AC780F2002029FC /* Sources */ = {
			isa = PBXSourcesBuildPhase;
			buildActionMask = 2147483647;
			files = (
				46CA8B161AC78715002029FC /* Walk.swift in Sources */,
				46CA8B141AC785E5002029FC /* CircleView.swift in Sources */,
				46CA8AF61AC780F2002029FC /* MyWalksViewController.swift in Sources */,
				46A91BDE1AC8B08A003ACE92 /* Model.xcdatamodeld in Sources */,
				46CA8AF41AC780F2002029FC /* AppDelegate.swift in Sources */,
				4614F2F91AC79EC0001BA765 /* WalkCell.swift in Sources */,
				46CA8B1C1AC78973002029FC /* OnWalkViewController.swift in Sources */,
			);
			runOnlyForDeploymentPostprocessing = 0;
		};
		46CA8AFF1AC780F2002029FC /* Sources */ = {
			isa = PBXSourcesBuildPhase;
			buildActionMask = 2147483647;
			files = (
				46CA8B0A1AC780F2002029FC /* WalkerTests.swift in Sources */,
			);
			runOnlyForDeploymentPostprocessing = 0;
		};
/* End PBXSourcesBuildPhase section */

/* Begin PBXTargetDependency section */
		46CA8B051AC780F2002029FC /* PBXTargetDependency */ = {
			isa = PBXTargetDependency;
			target = 46CA8AED1AC780F2002029FC /* Walker */;
			targetProxy = 46CA8B041AC780F2002029FC /* PBXContainerItemProxy */;
		};
/* End PBXTargetDependency section */

/* Begin PBXVariantGroup section */
		46CA8AF71AC780F2002029FC /* Main.storyboard */ = {
			isa = PBXVariantGroup;
			children = (
				46CA8AF81AC780F2002029FC /* Base */,
			);
			name = Main.storyboard;
			sourceTree = "<group>";
		};
		46CA8AFC1AC780F2002029FC /* LaunchScreen.xib */ = {
			isa = PBXVariantGroup;
			children = (
				46CA8AFD1AC780F2002029FC /* Base */,
			);
			name = LaunchScreen.xib;
			sourceTree = "<group>";
		};
/* End PBXVariantGroup section */

/* Begin XCBuildConfiguration section */
		46CA8B0B1AC780F2002029FC /* Debug */ = {
			isa = XCBuildConfiguration;
			buildSettings = {
				ALWAYS_SEARCH_USER_PATHS = NO;
				CLANG_CXX_LANGUAGE_STANDARD = "gnu++0x";
				CLANG_CXX_LIBRARY = "libc++";
				CLANG_ENABLE_MODULES = YES;
				CLANG_ENABLE_OBJC_ARC = YES;
				CLANG_WARN_BOOL_CONVERSION = YES;
				CLANG_WARN_CONSTANT_CONVERSION = YES;
				CLANG_WARN_DIRECT_OBJC_ISA_USAGE = YES_ERROR;
				CLANG_WARN_EMPTY_BODY = YES;
				CLANG_WARN_ENUM_CONVERSION = YES;
				CLANG_WARN_INT_CONVERSION = YES;
				CLANG_WARN_OBJC_ROOT_CLASS = YES_ERROR;
				CLANG_WARN_UNREACHABLE_CODE = YES;
				CLANG_WARN__DUPLICATE_METHOD_MATCH = YES;
				"CODE_SIGN_IDENTITY[sdk=iphoneos*]" = "iPhone Developer";
				COPY_PHASE_STRIP = NO;
				ENABLE_STRICT_OBJC_MSGSEND = YES;
				GCC_C_LANGUAGE_STANDARD = gnu99;
				GCC_DYNAMIC_NO_PIC = NO;
				GCC_OPTIMIZATION_LEVEL = 0;
				GCC_PREPROCESSOR_DEFINITIONS = (
					"DEBUG=1",
					"$(inherited)",
				);
				GCC_SYMBOLS_PRIVATE_EXTERN = NO;
				GCC_WARN_64_TO_32_BIT_CONVERSION = YES;
				GCC_WARN_ABOUT_RETURN_TYPE = YES_ERROR;
				GCC_WARN_UNDECLARED_SELECTOR = YES;
				GCC_WARN_UNINITIALIZED_AUTOS = YES_AGGRESSIVE;
				GCC_WARN_UNUSED_FUNCTION = YES;
				GCC_WARN_UNUSED_VARIABLE = YES;
				IPHONEOS_DEPLOYMENT_TARGET = 8.2;
				MTL_ENABLE_DEBUG_INFO = YES;
				ONLY_ACTIVE_ARCH = YES;
				SDKROOT = iphoneos;
				SWIFT_OPTIMIZATION_LEVEL = "-Onone";
			};
			name = Debug;
		};
		46CA8B0C1AC780F2002029FC /* Release */ = {
			isa = XCBuildConfiguration;
			buildSettings = {
				ALWAYS_SEARCH_USER_PATHS = NO;
				CLANG_CXX_LANGUAGE_STANDARD = "gnu++0x";
				CLANG_CXX_LIBRARY = "libc++";
				CLANG_ENABLE_MODULES = YES;
				CLANG_ENABLE_OBJC_ARC = YES;
				CLANG_WARN_BOOL_CONVERSION = YES;
				CLANG_WARN_CONSTANT_CONVERSION = YES;
				CLANG_WARN_DIRECT_OBJC_ISA_USAGE = YES_ERROR;
				CLANG_WARN_EMPTY_BODY = YES;
				CLANG_WARN_ENUM_CONVERSION = YES;
				CLANG_WARN_INT_CONVERSION = YES;
				CLANG_WARN_OBJC_ROOT_CLASS = YES_ERROR;
				CLANG_WARN_UNREACHABLE_CODE = YES;
				CLANG_WARN__DUPLICATE_METHOD_MATCH = YES;
				"CODE_SIGN_IDENTITY[sdk=iphoneos*]" = "iPhone Developer";
				COPY_PHASE_STRIP = NO;
				ENABLE_NS_ASSERTIONS = NO;
				ENABLE_STRICT_OBJC_MSGSEND = YES;
				GCC_C_LANGUAGE_STANDARD = gnu99;
				GCC_WARN_64_TO_32_BIT_CONVERSION = YES;
				GCC_WARN_ABOUT_RETURN_TYPE = YES_ERROR;
				GCC_WARN_UNDECLARED_SELECTOR = YES;
				GCC_WARN_UNINITIALIZED_AUTOS = YES_AGGRESSIVE;
				GCC_WARN_UNUSED_FUNCTION = YES;
				GCC_WARN_UNUSED_VARIABLE = YES;
				IPHONEOS_DEPLOYMENT_TARGET = 8.2;
				MTL_ENABLE_DEBUG_INFO = NO;
				SDKROOT = iphoneos;
				VALIDATE_PRODUCT = YES;
			};
			name = Release;
		};
		46CA8B0E1AC780F2002029FC /* Debug */ = {
			isa = XCBuildConfiguration;
			buildSettings = {
				ASSETCATALOG_COMPILER_APPICON_NAME = AppIcon;
				INFOPLIST_FILE = Walker/Info.plist;
				LD_RUNPATH_SEARCH_PATHS = "$(inherited) @executable_path/Frameworks";
				PRODUCT_NAME = "$(TARGET_NAME)";
			};
			name = Debug;
		};
		46CA8B0F1AC780F2002029FC /* Release */ = {
			isa = XCBuildConfiguration;
			buildSettings = {
				ASSETCATALOG_COMPILER_APPICON_NAME = AppIcon;
				INFOPLIST_FILE = Walker/Info.plist;
				LD_RUNPATH_SEARCH_PATHS = "$(inherited) @executable_path/Frameworks";
				PRODUCT_NAME = "$(TARGET_NAME)";
			};
			name = Release;
		};
		46CA8B111AC780F2002029FC /* Debug */ = {
			isa = XCBuildConfiguration;
			buildSettings = {
				BUNDLE_LOADER = "$(TEST_HOST)";
				FRAMEWORK_SEARCH_PATHS = (
					"$(SDKROOT)/Developer/Library/Frameworks",
					"$(inherited)",
				);
				GCC_PREPROCESSOR_DEFINITIONS = (
					"DEBUG=1",
					"$(inherited)",
				);
				INFOPLIST_FILE = WalkerTests/Info.plist;
				LD_RUNPATH_SEARCH_PATHS = "$(inherited) @executable_path/Frameworks @loader_path/Frameworks";
				PRODUCT_NAME = "$(TARGET_NAME)";
				TEST_HOST = "$(BUILT_PRODUCTS_DIR)/Walker.app/Walker";
			};
			name = Debug;
		};
		46CA8B121AC780F2002029FC /* Release */ = {
			isa = XCBuildConfiguration;
			buildSettings = {
				BUNDLE_LOADER = "$(TEST_HOST)";
				FRAMEWORK_SEARCH_PATHS = (
					"$(SDKROOT)/Developer/Library/Frameworks",
					"$(inherited)",
				);
				INFOPLIST_FILE = WalkerTests/Info.plist;
				LD_RUNPATH_SEARCH_PATHS = "$(inherited) @executable_path/Frameworks @loader_path/Frameworks";
				PRODUCT_NAME = "$(TARGET_NAME)";
				TEST_HOST = "$(BUILT_PRODUCTS_DIR)/Walker.app/Walker";
			};
			name = Release;
		};
/* End XCBuildConfiguration section */

/* Begin XCConfigurationList section */
		46CA8AE91AC780F2002029FC /* Build configuration list for PBXProject "Walker" */ = {
			isa = XCConfigurationList;
			buildConfigurations = (
				46CA8B0B1AC780F2002029FC /* Debug */,
				46CA8B0C1AC780F2002029FC /* Release */,
			);
			defaultConfigurationIsVisible = 0;
			defaultConfigurationName = Release;
		};
		46CA8B0D1AC780F2002029FC /* Build configuration list for PBXNativeTarget "Walker" */ = {
			isa = XCConfigurationList;
			buildConfigurations = (
				46CA8B0E1AC780F2002029FC /* Debug */,
				46CA8B0F1AC780F2002029FC /* Release */,
			);
			defaultConfigurationIsVisible = 0;
			defaultConfigurationName = Release;
		};
		46CA8B101AC780F2002029FC /* Build configuration list for PBXNativeTarget "WalkerTests" */ = {
			isa = XCConfigurationList;
			buildConfigurations = (
				46CA8B111AC780F2002029FC /* Debug */,
				46CA8B121AC780F2002029FC /* Release */,
			);
			defaultConfigurationIsVisible = 0;
			defaultConfigurationName = Release;
		};
/* End XCConfigurationList section */

/* Begin XCVersionGroup section */
		46A91BDC1AC8B08A003ACE92 /* Model.xcdatamodeld */ = {
			isa = XCVersionGroup;
			children = (
				46A91BDD1AC8B08A003ACE92 /* Model.xcdatamodel */,
			);
			currentVersion = 46A91BDD1AC8B08A003ACE92 /* Model.xcdatamodel */;
			path = Model.xcdatamodeld;
			sourceTree = "<group>";
			versionGroupType = wrapper.xcdatamodel;
		};
/* End XCVersionGroup section */
	};
	rootObject = 46CA8AE61AC780F2002029FC /* Project object */;
}
